
Microsoft Visual Studio Solution File, Format Version 12.00
# Visual Studio 2013
VisualStudioVersion = 12.0.21005.1
MinimumVisualStudioVersion = 10.0.40219.1
Project("{FAE04EC0-301F-11D3-BF4B-00C04F79EFBC}") = "BattleOfMesoketes", "BattleOfMesoketes.csproj", "{586EBEF6-F681-4BB9-9A7C-9F7340C14230}"
EndProject
Project("{FAE04EC0-301F-11D3-BF4B-00C04F79EFBC}") = "BattleOfMesoketesUnitTest", "..\BattleOfMesoketesUnitTest\BattleOfMesoketesUnitTest.csproj", "{5601D9CB-C726-4809-AD98-5AEF68C2E936}"
EndProject
Global
	GlobalSection(SolutionConfigurationPlatforms) = preSolution
		Debug|Any CPU = Debug|Any CPU
		Release|Any CPU = Release|Any CPU
	EndGlobalSection
	GlobalSection(ProjectConfigurationPlatforms) = postSolution
		{586EBEF6-F681-4BB9-9A7C-9F7340C14230}.Debug|Any CPU.ActiveCfg = Debug|Any CPU
		{586EBEF6-F681-4BB9-9A7C-9F7340C14230}.Debug|Any CPU.Build.0 = Debug|Any CPU
		{586EBEF6-F681-4BB9-9A7C-9F7340C14230}.Release|Any CPU.ActiveCfg = Release|Any CPU
		{586EBEF6-F681-4BB9-9A7C-9F7340C14230}.Release|Any CPU.Build.0 = Release|Any CPU
		{5601D9CB-C726-4809-AD98-5AEF68C2E936}.Debug|Any CPU.ActiveCfg = Debug|Any CPU
		{5601D9CB-C726-4809-AD98-5AEF68C2E936}.Debug|Any CPU.Build.0 = Debug|Any CPU
		{5601D9CB-C726-4809-AD98-5AEF68C2E936}.Release|Any CPU.ActiveCfg = Release|Any CPU
		{5601D9CB-C726-4809-AD98-5AEF68C2E936}.Release|Any CPU.Build.0 = Release|Any CPU
	EndGlobalSection
	GlobalSection(SolutionProperties) = preSolution
		HideSolutionNode = FALSE
	EndGlobalSection
EndGlobal
